// !$*UTF8*$!
{
	archiveVersion = 1;
	classes = {
	};
	objectVersion = 56;
	objects = {

/* Begin PBXBuildFile section */
		5549DD4E2B28F96500E1B7EA /* login-page in Resources */ = {isa = PBXBuildFile; fileRef = 5549DD4D2B28F96500E1B7EA /* login-page */; };
		55957CB82B26C7DE00FDCB41 /* AppDelegate.swift in Sources */ = {isa = PBXBuildFile; fileRef = 55957CB72B26C7DE00FDCB41 /* AppDelegate.swift */; };
		55957CBA2B26C7E000FDCB41 /* Assets.xcassets in Resources */ = {isa = PBXBuildFile; fileRef = 55957CB92B26C7E000FDCB41 /* Assets.xcassets */; };
		55957CBD2B26C7E000FDCB41 /* MainMenu.xib in Resources */ = {isa = PBXBuildFile; fileRef = 55957CBB2B26C7E000FDCB41 /* MainMenu.xib */; };
		55957CC82B26C7E000FDCB41 /* _Tests.swift in Sources */ = {isa = PBXBuildFile; fileRef = 55957CC72B26C7E000FDCB41 /* _Tests.swift */; };
		55957CD22B26C7E000FDCB41 /* _UITests.swift in Sources */ = {isa = PBXBuildFile; fileRef = 55957CD12B26C7E000FDCB41 /* _UITests.swift */; };
		55957CD42B26C7E000FDCB41 /* _UITestsLaunchTests.swift in Sources */ = {isa = PBXBuildFile; fileRef = 55957CD32B26C7E000FDCB41 /* _UITestsLaunchTests.swift */; };
		55957CE12B26CC0000FDCB41 /* WebViewWindowController.xib in Resources */ = {isa = PBXBuildFile; fileRef = 55957CE02B26CC0000FDCB41 /* WebViewWindowController.xib */; };
		55957CE32B26CC4E00FDCB41 /* WebViewWindowController.swift in Sources */ = {isa = PBXBuildFile; fileRef = 55957CE22B26CC4E00FDCB41 /* WebViewWindowController.swift */; };
		55957CEB2B2784A200FDCB41 /* site-resources in Resources */ = {isa = PBXBuildFile; fileRef = 55957CEA2B2784A200FDCB41 /* site-resources */; };
/* End PBXBuildFile section */

/* Begin PBXContainerItemProxy section */
		55957CC42B26C7E000FDCB41 /* PBXContainerItemProxy */ = {
			isa = PBXContainerItemProxy;
			containerPortal = 55957CAC2B26C7DE00FDCB41 /* Project object */;
			proxyType = 1;
			remoteGlobalIDString = 55957CB32B26C7DE00FDCB41;
			remoteInfo = 3;
		};
		55957CCE2B26C7E000FDCB41 /* PBXContainerItemProxy */ = {
			isa = PBXContainerItemProxy;
			containerPortal = 55957CAC2B26C7DE00FDCB41 /* Project object */;
			proxyType = 1;
			remoteGlobalIDString = 55957CB32B26C7DE00FDCB41;
			remoteInfo = 3;
		};
/* End PBXContainerItemProxy section */

/* Begin PBXFileReference section */
		5549DD4D2B28F96500E1B7EA /* login-page */ = {isa = PBXFileReference; lastKnownFileType = folder; name = "login-page"; path = "../../../Downloads/login-page"; sourceTree = "<group>"; };
		55957CB42B26C7DE00FDCB41 /* WebAssets_macOS_POC.app */ = {isa = PBXFileReference; explicitFileType = wrapper.application; includeInIndex = 0; path = WebAssets_macOS_POC.app; sourceTree = BUILT_PRODUCTS_DIR; };
		55957CB72B26C7DE00FDCB41 /* AppDelegate.swift */ = {isa = PBXFileReference; lastKnownFileType = sourcecode.swift; path = AppDelegate.swift; sourceTree = "<group>"; };
		55957CB92B26C7E000FDCB41 /* Assets.xcassets */ = {isa = PBXFileReference; lastKnownFileType = folder.assetcatalog; path = Assets.xcassets; sourceTree = "<group>"; };
		55957CBC2B26C7E000FDCB41 /* Base */ = {isa = PBXFileReference; lastKnownFileType = file.xib; name = Base; path = Base.lproj/MainMenu.xib; sourceTree = "<group>"; };
		55957CBE2B26C7E000FDCB41 /* _.entitlements */ = {isa = PBXFileReference; lastKnownFileType = text.plist.entitlements; path = _.entitlements; sourceTree = "<group>"; };
		55957CC32B26C7E000FDCB41 /* WebAssets_macOS_POCTests.xctest */ = {isa = PBXFileReference; explicitFileType = wrapper.cfbundle; includeInIndex = 0; path = WebAssets_macOS_POCTests.xctest; sourceTree = BUILT_PRODUCTS_DIR; };
		55957CC72B26C7E000FDCB41 /* _Tests.swift */ = {isa = PBXFileReference; lastKnownFileType = sourcecode.swift; path = _Tests.swift; sourceTree = "<group>"; };
		55957CCD2B26C7E000FDCB41 /* WebAssets_macOS_POCUITests.xctest */ = {isa = PBXFileReference; explicitFileType = wrapper.cfbundle; includeInIndex = 0; path = WebAssets_macOS_POCUITests.xctest; sourceTree = BUILT_PRODUCTS_DIR; };
		55957CD12B26C7E000FDCB41 /* _UITests.swift */ = {isa = PBXFileReference; lastKnownFileType = sourcecode.swift; path = _UITests.swift; sourceTree = "<group>"; };
		55957CD32B26C7E000FDCB41 /* _UITestsLaunchTests.swift */ = {isa = PBXFileReference; lastKnownFileType = sourcecode.swift; path = _UITestsLaunchTests.swift; sourceTree = "<group>"; };
		55957CE02B26CC0000FDCB41 /* WebViewWindowController.xib */ = {isa = PBXFileReference; lastKnownFileType = file.xib; path = WebViewWindowController.xib; sourceTree = "<group>"; };
		55957CE22B26CC4E00FDCB41 /* WebViewWindowController.swift */ = {isa = PBXFileReference; lastKnownFileType = sourcecode.swift; path = WebViewWindowController.swift; sourceTree = "<group>"; };
		55957CE82B26F7CE00FDCB41 /* --Info.plist */ = {isa = PBXFileReference; lastKnownFileType = text.plist; path = "--Info.plist"; sourceTree = SOURCE_ROOT; };
		55957CE92B26F96600FDCB41 /* 3Debug.entitlements */ = {isa = PBXFileReference; lastKnownFileType = text.plist.entitlements; path = 3Debug.entitlements; sourceTree = "<group>"; };
		55957CEA2B2784A200FDCB41 /* site-resources */ = {isa = PBXFileReference; lastKnownFileType = folder; name = "site-resources"; path = "../../../../../Volumes/workplace/NativeClient/src/PhotonNativeClientDownloadInfrastructure/packaging_additional_published_artifacts/site-resources"; sourceTree = "<group>"; };
/* End PBXFileReference section */

/* Begin PBXFrameworksBuildPhase section */
		55957CB12B26C7DE00FDCB41 /* Frameworks */ = {
			isa = PBXFrameworksBuildPhase;
			buildActionMask = 2147483647;
			files = (
			);
			runOnlyForDeploymentPostprocessing = 0;
		};
		55957CC02B26C7E000FDCB41 /* Frameworks */ = {
			isa = PBXFrameworksBuildPhase;
			buildActionMask = 2147483647;
			files = (
			);
			runOnlyForDeploymentPostprocessing = 0;
		};
		55957CCA2B26C7E000FDCB41 /* Frameworks */ = {
			isa = PBXFrameworksBuildPhase;
			buildActionMask = 2147483647;
			files = (
			);
			runOnlyForDeploymentPostprocessing = 0;
		};
/* End PBXFrameworksBuildPhase section */

/* Begin PBXGroup section */
		55957CAB2B26C7DE00FDCB41 = {
			isa = PBXGroup;
			children = (
				55957CB62B26C7DE00FDCB41 /* 3 */,
				55957CC62B26C7E000FDCB41 /* 3Tests */,
				55957CD02B26C7E000FDCB41 /* 3UITests */,
				55957CB52B26C7DE00FDCB41 /* Products */,
			);
			sourceTree = "<group>";
		};
		55957CB52B26C7DE00FDCB41 /* Products */ = {
			isa = PBXGroup;
			children = (
				55957CB42B26C7DE00FDCB41 /* WebAssets_macOS_POC.app */,
				55957CC32B26C7E000FDCB41 /* WebAssets_macOS_POCTests.xctest */,
				55957CCD2B26C7E000FDCB41 /* WebAssets_macOS_POCUITests.xctest */,
			);
			name = Products;
			sourceTree = "<group>";
		};
		55957CB62B26C7DE00FDCB41 /* 3 */ = {
			isa = PBXGroup;
			children = (
				5549DD4D2B28F96500E1B7EA /* login-page */,
				55957CEA2B2784A200FDCB41 /* site-resources */,
				55957CE92B26F96600FDCB41 /* 3Debug.entitlements */,
				55957CE82B26F7CE00FDCB41 /* --Info.plist */,
				55957CB72B26C7DE00FDCB41 /* AppDelegate.swift */,
				55957CB92B26C7E000FDCB41 /* Assets.xcassets */,
				55957CBB2B26C7E000FDCB41 /* MainMenu.xib */,
				55957CBE2B26C7E000FDCB41 /* _.entitlements */,
				55957CE02B26CC0000FDCB41 /* WebViewWindowController.xib */,
				55957CE22B26CC4E00FDCB41 /* WebViewWindowController.swift */,
			);
			path = 3;
			sourceTree = "<group>";
		};
		55957CC62B26C7E000FDCB41 /* 3Tests */ = {
			isa = PBXGroup;
			children = (
				55957CC72B26C7E000FDCB41 /* _Tests.swift */,
			);
			path = 3Tests;
			sourceTree = "<group>";
		};
		55957CD02B26C7E000FDCB41 /* 3UITests */ = {
			isa = PBXGroup;
			children = (
				55957CD12B26C7E000FDCB41 /* _UITests.swift */,
				55957CD32B26C7E000FDCB41 /* _UITestsLaunchTests.swift */,
			);
			path = 3UITests;
			sourceTree = "<group>";
		};
/* End PBXGroup section */

/* Begin PBXNativeTarget section */
		55957CB32B26C7DE00FDCB41 /* WebAssets_macOS_POC */ = {
			isa = PBXNativeTarget;
			buildConfigurationList = 55957CD72B26C7E000FDCB41 /* Build configuration list for PBXNativeTarget "WebAssets_macOS_POC" */;
			buildPhases = (
				55957CB02B26C7DE00FDCB41 /* Sources */,
				55957CB12B26C7DE00FDCB41 /* Frameworks */,
				55957CB22B26C7DE00FDCB41 /* Resources */,
			);
			buildRules = (
			);
			dependencies = (
			);
			name = WebAssets_macOS_POC;
			productName = 3;
			productReference = 55957CB42B26C7DE00FDCB41 /* WebAssets_macOS_POC.app */;
			productType = "com.apple.product-type.application";
		};
		55957CC22B26C7E000FDCB41 /* WebAssets_macOS_POCTests */ = {
			isa = PBXNativeTarget;
			buildConfigurationList = 55957CDA2B26C7E000FDCB41 /* Build configuration list for PBXNativeTarget "WebAssets_macOS_POCTests" */;
			buildPhases = (
				55957CBF2B26C7E000FDCB41 /* Sources */,
				55957CC02B26C7E000FDCB41 /* Frameworks */,
				55957CC12B26C7E000FDCB41 /* Resources */,
			);
			buildRules = (
			);
			dependencies = (
				55957CC52B26C7E000FDCB41 /* PBXTargetDependency */,
			);
			name = WebAssets_macOS_POCTests;
			productName = 3Tests;
			productReference = 55957CC32B26C7E000FDCB41 /* WebAssets_macOS_POCTests.xctest */;
			productType = "com.apple.product-type.bundle.unit-test";
		};
		55957CCC2B26C7E000FDCB41 /* WebAssets_macOS_POCUITests */ = {
			isa = PBXNativeTarget;
			buildConfigurationList = 55957CDD2B26C7E000FDCB41 /* Build configuration list for PBXNativeTarget "WebAssets_macOS_POCUITests" */;
			buildPhases = (
				55957CC92B26C7E000FDCB41 /* Sources */,
				55957CCA2B26C7E000FDCB41 /* Frameworks */,
				55957CCB2B26C7E000FDCB41 /* Resources */,
			);
			buildRules = (
			);
			dependencies = (
				55957CCF2B26C7E000FDCB41 /* PBXTargetDependency */,
			);
			name = WebAssets_macOS_POCUITests;
			productName = 3UITests;
			productReference = 55957CCD2B26C7E000FDCB41 /* WebAssets_macOS_POCUITests.xctest */;
			productType = "com.apple.product-type.bundle.ui-testing";
		};
/* End PBXNativeTarget section */

/* Begin PBXProject section */
		55957CAC2B26C7DE00FDCB41 /* Project object */ = {
			isa = PBXProject;
			attributes = {
				BuildIndependentTargetsInParallel = 1;
				LastSwiftUpdateCheck = 1500;
				LastUpgradeCheck = 1500;
				TargetAttributes = {
					55957CB32B26C7DE00FDCB41 = {
						CreatedOnToolsVersion = 15.0.1;
					};
					55957CC22B26C7E000FDCB41 = {
						CreatedOnToolsVersion = 15.0.1;
						TestTargetID = 55957CB32B26C7DE00FDCB41;
					};
					55957CCC2B26C7E000FDCB41 = {
						CreatedOnToolsVersion = 15.0.1;
						TestTargetID = 55957CB32B26C7DE00FDCB41;
					};
				};
			};
			buildConfigurationList = 55957CAF2B26C7DE00FDCB41 /* Build configuration list for PBXProject "WebAssets_macOS_POC" */;
			compatibilityVersion = "Xcode 14.0";
			developmentRegion = en;
			hasScannedForEncodings = 0;
			knownRegions = (
				en,
				Base,
			);
			mainGroup = 55957CAB2B26C7DE00FDCB41;
			productRefGroup = 55957CB52B26C7DE00FDCB41 /* Products */;
			projectDirPath = "";
			projectRoot = "";
			targets = (
				55957CB32B26C7DE00FDCB41 /* WebAssets_macOS_POC */,
				55957CC22B26C7E000FDCB41 /* WebAssets_macOS_POCTests */,
				55957CCC2B26C7E000FDCB41 /* WebAssets_macOS_POCUITests */,
			);
		};
/* End PBXProject section */

/* Begin PBXResourcesBuildPhase section */
		55957CB22B26C7DE00FDCB41 /* Resources */ = {
			isa = PBXResourcesBuildPhase;
			buildActionMask = 2147483647;
			files = (
				55957CE12B26CC0000FDCB41 /* WebViewWindowController.xib in Resources */,
				55957CBA2B26C7E000FDCB41 /* Assets.xcassets in Resources */,
				5549DD4E2B28F96500E1B7EA /* login-page in Resources */,
				55957CBD2B26C7E000FDCB41 /* MainMenu.xib in Resources */,
				55957CEB2B2784A200FDCB41 /* site-resources in Resources */,
			);
			runOnlyForDeploymentPostprocessing = 0;
		};
		55957CC12B26C7E000FDCB41 /* Resources */ = {
			isa = PBXResourcesBuildPhase;
			buildActionMask = 2147483647;
			files = (
			);
			runOnlyForDeploymentPostprocessing = 0;
		};
		55957CCB2B26C7E000FDCB41 /* Resources */ = {
			isa = PBXResourcesBuildPhase;
			buildActionMask = 2147483647;
			files = (
			);
			runOnlyForDeploymentPostprocessing = 0;
		};
/* End PBXResourcesBuildPhase section */

/* Begin PBXSourcesBuildPhase section */
		55957CB02B26C7DE00FDCB41 /* Sources */ = {
			isa = PBXSourcesBuildPhase;
			buildActionMask = 2147483647;
			files = (
				55957CB82B26C7DE00FDCB41 /* AppDelegate.swift in Sources */,
				55957CE32B26CC4E00FDCB41 /* WebViewWindowController.swift in Sources */,
			);
			runOnlyForDeploymentPostprocessing = 0;
		};
		55957CBF2B26C7E000FDCB41 /* Sources */ = {
			isa = PBXSourcesBuildPhase;
			buildActionMask = 2147483647;
			files = (
				55957CC82B26C7E000FDCB41 /* _Tests.swift in Sources */,
			);
			runOnlyForDeploymentPostprocessing = 0;
		};
		55957CC92B26C7E000FDCB41 /* Sources */ = {
			isa = PBXSourcesBuildPhase;
			buildActionMask = 2147483647;
			files = (
				55957CD42B26C7E000FDCB41 /* _UITestsLaunchTests.swift in Sources */,
				55957CD22B26C7E000FDCB41 /* _UITests.swift in Sources */,
			);
			runOnlyForDeploymentPostprocessing = 0;
		};
/* End PBXSourcesBuildPhase section */

/* Begin PBXTargetDependency section */
		55957CC52B26C7E000FDCB41 /* PBXTargetDependency */ = {
			isa = PBXTargetDependency;
			target = 55957CB32B26C7DE00FDCB41 /* WebAssets_macOS_POC */;
			targetProxy = 55957CC42B26C7E000FDCB41 /* PBXContainerItemProxy */;
		};
		55957CCF2B26C7E000FDCB41 /* PBXTargetDependency */ = {
			isa = PBXTargetDependency;
			target = 55957CB32B26C7DE00FDCB41 /* WebAssets_macOS_POC */;
			targetProxy = 55957CCE2B26C7E000FDCB41 /* PBXContainerItemProxy */;
		};
/* End PBXTargetDependency section */

/* Begin PBXVariantGroup section */
		55957CBB2B26C7E000FDCB41 /* MainMenu.xib */ = {
			isa = PBXVariantGroup;
			children = (
				55957CBC2B26C7E000FDCB41 /* Base */,
			);
			name = MainMenu.xib;
			sourceTree = "<group>";
		};
/* End PBXVariantGroup section */

/* Begin XCBuildConfiguration section */
		55957CD52B26C7E000FDCB41 /* Debug */ = {
			isa = XCBuildConfiguration;
			buildSettings = {
				ALWAYS_SEARCH_USER_PATHS = NO;
				ASSETCATALOG_COMPILER_GENERATE_SWIFT_ASSET_SYMBOL_EXTENSIONS = YES;
				CLANG_ANALYZER_NONNULL = YES;
				CLANG_ANALYZER_NUMBER_OBJECT_CONVERSION = YES_AGGRESSIVE;
				CLANG_CXX_LANGUAGE_STANDARD = "gnu++20";
				CLANG_ENABLE_MODULES = YES;
				CLANG_ENABLE_OBJC_ARC = YES;
				CLANG_ENABLE_OBJC_WEAK = YES;
				CLANG_WARN_BLOCK_CAPTURE_AUTORELEASING = YES;
				CLANG_WARN_BOOL_CONVERSION = YES;
				CLANG_WARN_COMMA = YES;
				CLANG_WARN_CONSTANT_CONVERSION = YES;
				CLANG_WARN_DEPRECATED_OBJC_IMPLEMENTATIONS = YES;
				CLANG_WARN_DIRECT_OBJC_ISA_USAGE = YES_ERROR;
				CLANG_WARN_DOCUMENTATION_COMMENTS = YES;
				CLANG_WARN_EMPTY_BODY = YES;
				CLANG_WARN_ENUM_CONVERSION = YES;
				CLANG_WARN_INFINITE_RECURSION = YES;
				CLANG_WARN_INT_CONVERSION = YES;
				CLANG_WARN_NON_LITERAL_NULL_CONVERSION = YES;
				CLANG_WARN_OBJC_IMPLICIT_RETAIN_SELF = YES;
				CLANG_WARN_OBJC_LITERAL_CONVERSION = YES;
				CLANG_WARN_OBJC_ROOT_CLASS = YES_ERROR;
				CLANG_WARN_QUOTED_INCLUDE_IN_FRAMEWORK_HEADER = YES;
				CLANG_WARN_RANGE_LOOP_ANALYSIS = YES;
				CLANG_WARN_STRICT_PROTOTYPES = YES;
				CLANG_WARN_SUSPICIOUS_MOVE = YES;
				CLANG_WARN_UNGUARDED_AVAILABILITY = YES_AGGRESSIVE;
				CLANG_WARN_UNREACHABLE_CODE = YES;
				CLANG_WARN__DUPLICATE_METHOD_MATCH = YES;
				COPY_PHASE_STRIP = NO;
				DEBUG_INFORMATION_FORMAT = dwarf;
				ENABLE_STRICT_OBJC_MSGSEND = YES;
				ENABLE_TESTABILITY = YES;
				ENABLE_USER_SCRIPT_SANDBOXING = YES;
				GCC_C_LANGUAGE_STANDARD = gnu17;
				GCC_DYNAMIC_NO_PIC = NO;
				GCC_NO_COMMON_BLOCKS = YES;
				GCC_OPTIMIZATION_LEVEL = 0;
				GCC_PREPROCESSOR_DEFINITIONS = (
					"DEBUG=1",
					"$(inherited)",
				);
				GCC_WARN_64_TO_32_BIT_CONVERSION = YES;
				GCC_WARN_ABOUT_RETURN_TYPE = YES_ERROR;
				GCC_WARN_UNDECLARED_SELECTOR = YES;
				GCC_WARN_UNINITIALIZED_AUTOS = YES_AGGRESSIVE;
				GCC_WARN_UNUSED_FUNCTION = YES;
				GCC_WARN_UNUSED_VARIABLE = YES;
				LOCALIZATION_PREFERS_STRING_CATALOGS = YES;
				MACOSX_DEPLOYMENT_TARGET = 13.6;
				MTL_ENABLE_DEBUG_INFO = INCLUDE_SOURCE;
				MTL_FAST_MATH = YES;
				ONLY_ACTIVE_ARCH = YES;
				SDKROOT = macosx;
				SWIFT_ACTIVE_COMPILATION_CONDITIONS = "DEBUG $(inherited)";
				SWIFT_OPTIMIZATION_LEVEL = "-Onone";
			};
			name = Debug;
		};
		55957CD62B26C7E000FDCB41 /* Release */ = {
			isa = XCBuildConfiguration;
			buildSettings = {
				ALWAYS_SEARCH_USER_PATHS = NO;
				ASSETCATALOG_COMPILER_GENERATE_SWIFT_ASSET_SYMBOL_EXTENSIONS = YES;
				CLANG_ANALYZER_NONNULL = YES;
				CLANG_ANALYZER_NUMBER_OBJECT_CONVERSION = YES_AGGRESSIVE;
				CLANG_CXX_LANGUAGE_STANDARD = "gnu++20";
				CLANG_ENABLE_MODULES = YES;
				CLANG_ENABLE_OBJC_ARC = YES;
				CLANG_ENABLE_OBJC_WEAK = YES;
				CLANG_WARN_BLOCK_CAPTURE_AUTORELEASING = YES;
				CLANG_WARN_BOOL_CONVERSION = YES;
				CLANG_WARN_COMMA = YES;
				CLANG_WARN_CONSTANT_CONVERSION = YES;
				CLANG_WARN_DEPRECATED_OBJC_IMPLEMENTATIONS = YES;
				CLANG_WARN_DIRECT_OBJC_ISA_USAGE = YES_ERROR;
				CLANG_WARN_DOCUMENTATION_COMMENTS = YES;
				CLANG_WARN_EMPTY_BODY = YES;
				CLANG_WARN_ENUM_CONVERSION = YES;
				CLANG_WARN_INFINITE_RECURSION = YES;
				CLANG_WARN_INT_CONVERSION = YES;
				CLANG_WARN_NON_LITERAL_NULL_CONVERSION = YES;
				CLANG_WARN_OBJC_IMPLICIT_RETAIN_SELF = YES;
				CLANG_WARN_OBJC_LITERAL_CONVERSION = YES;
				CLANG_WARN_OBJC_ROOT_CLASS = YES_ERROR;
				CLANG_WARN_QUOTED_INCLUDE_IN_FRAMEWORK_HEADER = YES;
				CLANG_WARN_RANGE_LOOP_ANALYSIS = YES;
				CLANG_WARN_STRICT_PROTOTYPES = YES;
				CLANG_WARN_SUSPICIOUS_MOVE = YES;
				CLANG_WARN_UNGUARDED_AVAILABILITY = YES_AGGRESSIVE;
				CLANG_WARN_UNREACHABLE_CODE = YES;
				CLANG_WARN__DUPLICATE_METHOD_MATCH = YES;
				COPY_PHASE_STRIP = NO;
				DEBUG_INFORMATION_FORMAT = "dwarf-with-dsym";
				ENABLE_NS_ASSERTIONS = NO;
				ENABLE_STRICT_OBJC_MSGSEND = YES;
				ENABLE_USER_SCRIPT_SANDBOXING = YES;
				GCC_C_LANGUAGE_STANDARD = gnu17;
				GCC_NO_COMMON_BLOCKS = YES;
				GCC_WARN_64_TO_32_BIT_CONVERSION = YES;
				GCC_WARN_ABOUT_RETURN_TYPE = YES_ERROR;
				GCC_WARN_UNDECLARED_SELECTOR = YES;
				GCC_WARN_UNINITIALIZED_AUTOS = YES_AGGRESSIVE;
				GCC_WARN_UNUSED_FUNCTION = YES;
				GCC_WARN_UNUSED_VARIABLE = YES;
				LOCALIZATION_PREFERS_STRING_CATALOGS = YES;
				MACOSX_DEPLOYMENT_TARGET = 13.6;
				MTL_ENABLE_DEBUG_INFO = NO;
				MTL_FAST_MATH = YES;
				SDKROOT = macosx;
				SWIFT_COMPILATION_MODE = wholemodule;
			};
			name = Release;
		};
		55957CD82B26C7E000FDCB41 /* Debug */ = {
			isa = XCBuildConfiguration;
			buildSettings = {
				ASSETCATALOG_COMPILER_APPICON_NAME = AppIcon;
				ASSETCATALOG_COMPILER_GLOBAL_ACCENT_COLOR_NAME = AccentColor;
				CODE_SIGN_ENTITLEMENTS = 3/3Debug.entitlements;
				"CODE_SIGN_IDENTITY[sdk=macosx*]" = "-";
				CODE_SIGN_STYLE = Automatic;
				COMBINE_HIDPI_IMAGES = YES;
				CURRENT_PROJECT_VERSION = 1;
				GENERATE_INFOPLIST_FILE = YES;
				INFOPLIST_FILE = "--Info.plist";
				INFOPLIST_KEY_NSHumanReadableCopyright = "";
				INFOPLIST_KEY_NSMainNibFile = MainMenu;
				INFOPLIST_KEY_NSPrincipalClass = NSApplication;
				LD_RUNPATH_SEARCH_PATHS = (
					"$(inherited)",
					"@executable_path/../Frameworks",
				);
				MARKETING_VERSION = 1.0;
				PRODUCT_BUNDLE_IDENTIFIER = "AppstreamPOC.-";
				PRODUCT_NAME = "$(TARGET_NAME)";
				SWIFT_EMIT_LOC_STRINGS = YES;
				SWIFT_VERSION = 5.0;
			};
			name = Debug;
		};
		55957CD92B26C7E000FDCB41 /* Release */ = {
			isa = XCBuildConfiguration;
			buildSettings = {
				ASSETCATALOG_COMPILER_APPICON_NAME = AppIcon;
				ASSETCATALOG_COMPILER_GLOBAL_ACCENT_COLOR_NAME = AccentColor;
				CODE_SIGN_ENTITLEMENTS = 3/_.entitlements;
				"CODE_SIGN_IDENTITY[sdk=macosx*]" = "-";
				CODE_SIGN_STYLE = Automatic;
				COMBINE_HIDPI_IMAGES = YES;
				CURRENT_PROJECT_VERSION = 1;
				GENERATE_INFOPLIST_FILE = YES;
				INFOPLIST_FILE = "--Info.plist";
				INFOPLIST_KEY_NSHumanReadableCopyright = "";
				INFOPLIST_KEY_NSMainNibFile = MainMenu;
				INFOPLIST_KEY_NSPrincipalClass = NSApplication;
				LD_RUNPATH_SEARCH_PATHS = (
					"$(inherited)",
					"@executable_path/../Frameworks",
				);
				MARKETING_VERSION = 1.0;
				PRODUCT_BUNDLE_IDENTIFIER = "AppstreamPOC.-";
				PRODUCT_NAME = "$(TARGET_NAME)";
				SWIFT_EMIT_LOC_STRINGS = YES;
				SWIFT_VERSION = 5.0;
			};
			name = Release;
		};
		55957CDB2B26C7E000FDCB41 /* Debug */ = {
			isa = XCBuildConfiguration;
			buildSettings = {
				ALWAYS_EMBED_SWIFT_STANDARD_LIBRARIES = YES;
				BUNDLE_LOADER = "$(TEST_HOST)";
				CODE_SIGN_STYLE = Automatic;
				CURRENT_PROJECT_VERSION = 1;
				GENERATE_INFOPLIST_FILE = YES;
				MACOSX_DEPLOYMENT_TARGET = 13.6;
				MARKETING_VERSION = 1.0;
				PRODUCT_BUNDLE_IDENTIFIER = "AppstreamPOC.-Tests";
				PRODUCT_NAME = "$(TARGET_NAME)";
				SWIFT_EMIT_LOC_STRINGS = NO;
				SWIFT_VERSION = 5.0;
				TEST_HOST = "$(BUILT_PRODUCTS_DIR)/WebAssets_macOS_POC.app/$(BUNDLE_EXECUTABLE_FOLDER_PATH)/WebAssets_macOS_POC";
			};
			name = Debug;
		};
		55957CDC2B26C7E000FDCB41 /* Release */ = {
			isa = XCBuildConfiguration;
			buildSettings = {
				ALWAYS_EMBED_SWIFT_STANDARD_LIBRARIES = YES;
				BUNDLE_LOADER = "$(TEST_HOST)";
				CODE_SIGN_STYLE = Automatic;
				CURRENT_PROJECT_VERSION = 1;
				GENERATE_INFOPLIST_FILE = YES;
				MACOSX_DEPLOYMENT_TARGET = 13.6;
				MARKETING_VERSION = 1.0;
				PRODUCT_BUNDLE_IDENTIFIER = "AppstreamPOC.-Tests";
				PRODUCT_NAME = "$(TARGET_NAME)";
				SWIFT_EMIT_LOC_STRINGS = NO;
				SWIFT_VERSION = 5.0;
				TEST_HOST = "$(BUILT_PRODUCTS_DIR)/WebAssets_macOS_POC.app/$(BUNDLE_EXECUTABLE_FOLDER_PATH)/WebAssets_macOS_POC";
			};
			name = Release;
		};
		55957CDE2B26C7E000FDCB41 /* Debug */ = {
			isa = XCBuildConfiguration;
			buildSettings = {
				ALWAYS_EMBED_SWIFT_STANDARD_LIBRARIES = YES;
				CODE_SIGN_STYLE = Automatic;
				CURRENT_PROJECT_VERSION = 1;
				GENERATE_INFOPLIST_FILE = YES;
				MARKETING_VERSION = 1.0;
				PRODUCT_BUNDLE_IDENTIFIER = "AppstreamPOC.-UITests";
				PRODUCT_NAME = "$(TARGET_NAME)";
				SWIFT_EMIT_LOC_STRINGS = NO;
				SWIFT_VERSION = 5.0;
				TEST_TARGET_NAME = 3;
			};
			name = Debug;
		};
		55957CDF2B26C7E000FDCB41 /* Release */ = {
			isa = XCBuildConfiguration;
			buildSettings = {
				ALWAYS_EMBED_SWIFT_STANDARD_LIBRARIES = YES;
				CODE_SIGN_STYLE = Automatic;
				CURRENT_PROJECT_VERSION = 1;
				GENERATE_INFOPLIST_FILE = YES;
				MARKETING_VERSION = 1.0;
				PRODUCT_BUNDLE_IDENTIFIER = "AppstreamPOC.-UITests";
				PRODUCT_NAME = "$(TARGET_NAME)";
				SWIFT_EMIT_LOC_STRINGS = NO;
				SWIFT_VERSION = 5.0;
				TEST_TARGET_NAME = 3;
			};
			name = Release;
		};
/* End XCBuildConfiguration section */

/* Begin XCConfigurationList section */
		55957CAF2B26C7DE00FDCB41 /* Build configuration list for PBXProject "WebAssets_macOS_POC" */ = {
			isa = XCConfigurationList;
			buildConfigurations = (
				55957CD52B26C7E000FDCB41 /* Debug */,
				55957CD62B26C7E000FDCB41 /* Release */,
			);
			defaultConfigurationIsVisible = 0;
			defaultConfigurationName = Release;
		};
		55957CD72B26C7E000FDCB41 /* Build configuration list for PBXNativeTarget "WebAssets_macOS_POC" */ = {
			isa = XCConfigurationList;
			buildConfigurations = (
				55957CD82B26C7E000FDCB41 /* Debug */,
				55957CD92B26C7E000FDCB41 /* Release */,
			);
			defaultConfigurationIsVisible = 0;
			defaultConfigurationName = Release;
		};
		55957CDA2B26C7E000FDCB41 /* Build configuration list for PBXNativeTarget "WebAssets_macOS_POCTests" */ = {
			isa = XCConfigurationList;
			buildConfigurations = (
				55957CDB2B26C7E000FDCB41 /* Debug */,
				55957CDC2B26C7E000FDCB41 /* Release */,
			);
			defaultConfigurationIsVisible = 0;
			defaultConfigurationName = Release;
		};
		55957CDD2B26C7E000FDCB41 /* Build configuration list for PBXNativeTarget "WebAssets_macOS_POCUITests" */ = {
			isa = XCConfigurationList;
			buildConfigurations = (
				55957CDE2B26C7E000FDCB41 /* Debug */,
				55957CDF2B26C7E000FDCB41 /* Release */,
			);
			defaultConfigurationIsVisible = 0;
			defaultConfigurationName = Release;
		};
/* End XCConfigurationList section */
	};
	rootObject = 55957CAC2B26C7DE00FDCB41 /* Project object */;
}
